// !$*UTF8*$!
{
	archiveVersion = 1;
	classes = {
	};
	objectVersion = 51;
	objects = {

/* Begin PBXBuildFile section */
		2E86503C730B765AF4D2A73B /* Pods_Cashfree_CashfreeUITests.framework in Frameworks */ = {isa = PBXBuildFile; fileRef = 5D588CC0641EEB48ED073D8A /* Pods_Cashfree_CashfreeUITests.framework */; };
		ACCC8C669677FA72CFB9A23F /* Pods_Cashfree.framework in Frameworks */ = {isa = PBXBuildFile; fileRef = 54C26C3D4B30FAD7C65FED5D /* Pods_Cashfree.framework */; };
		E2E0CC3DAE78EFF4B6E3B0CA /* Pods_CashfreeTests.framework in Frameworks */ = {isa = PBXBuildFile; fileRef = E5593A5CAAA8D6A82EC4FE6E /* Pods_CashfreeTests.framework */; };
		FBA844A924A25A8400E3FDF4 /* CFSDK.framework in Frameworks */ = {isa = PBXBuildFile; fileRef = FBA844A724A25A4E00E3FDF4 /* CFSDK.framework */; };
		FBA844AA24A25A8400E3FDF4 /* CFSDK.framework in Embed Frameworks */ = {isa = PBXBuildFile; fileRef = FBA844A724A25A4E00E3FDF4 /* CFSDK.framework */; settings = {ATTRIBUTES = (CodeSignOnCopy, RemoveHeadersOnCopy, ); }; };
		FBEF72ED248E8AF2001191B8 /* AppDelegate.swift in Sources */ = {isa = PBXBuildFile; fileRef = FBEF72EC248E8AF2001191B8 /* AppDelegate.swift */; };
		FBEF72EF248E8AF2001191B8 /* SceneDelegate.swift in Sources */ = {isa = PBXBuildFile; fileRef = FBEF72EE248E8AF2001191B8 /* SceneDelegate.swift */; };
		FBEF72F1248E8AF2001191B8 /* ViewController.swift in Sources */ = {isa = PBXBuildFile; fileRef = FBEF72F0248E8AF2001191B8 /* ViewController.swift */; };
		FBEF72F4248E8AF2001191B8 /* Main.storyboard in Resources */ = {isa = PBXBuildFile; fileRef = FBEF72F2248E8AF2001191B8 /* Main.storyboard */; };
		FBEF72F7248E8AF2001191B8 /* Cashfree.xcdatamodeld in Sources */ = {isa = PBXBuildFile; fileRef = FBEF72F5248E8AF2001191B8 /* Cashfree.xcdatamodeld */; };
		FBEF72F9248E8AF7001191B8 /* Assets.xcassets in Resources */ = {isa = PBXBuildFile; fileRef = FBEF72F8248E8AF7001191B8 /* Assets.xcassets */; };
		FBEF72FC248E8AF7001191B8 /* LaunchScreen.storyboard in Resources */ = {isa = PBXBuildFile; fileRef = FBEF72FA248E8AF7001191B8 /* LaunchScreen.storyboard */; };
		FBEF7307248E8AF8001191B8 /* CashfreeTests.swift in Sources */ = {isa = PBXBuildFile; fileRef = FBEF7306248E8AF8001191B8 /* CashfreeTests.swift */; };
		FBEF7312248E8AF8001191B8 /* CashfreeUITests.swift in Sources */ = {isa = PBXBuildFile; fileRef = FBEF7311248E8AF8001191B8 /* CashfreeUITests.swift */; };
/* End PBXBuildFile section */

/* Begin PBXContainerItemProxy section */
		FBEF7303248E8AF8001191B8 /* PBXContainerItemProxy */ = {
			isa = PBXContainerItemProxy;
			containerPortal = FBEF72E1248E8AF2001191B8 /* Project object */;
			proxyType = 1;
			remoteGlobalIDString = FBEF72E8248E8AF2001191B8;
			remoteInfo = Cashfree;
		};
		FBEF730E248E8AF8001191B8 /* PBXContainerItemProxy */ = {
			isa = PBXContainerItemProxy;
			containerPortal = FBEF72E1248E8AF2001191B8 /* Project object */;
			proxyType = 1;
			remoteGlobalIDString = FBEF72E8248E8AF2001191B8;
			remoteInfo = Cashfree;
		};
/* End PBXContainerItemProxy section */

/* Begin PBXCopyFilesBuildPhase section */
		FBEF7324248E9B5E001191B8 /* Embed Frameworks */ = {
			isa = PBXCopyFilesBuildPhase;
			buildActionMask = 2147483647;
			dstPath = "";
			dstSubfolderSpec = 10;
			files = (
				FBA844AA24A25A8400E3FDF4 /* CFSDK.framework in Embed Frameworks */,
			);
			name = "Embed Frameworks";
			runOnlyForDeploymentPostprocessing = 0;
		};
/* End PBXCopyFilesBuildPhase section */

/* Begin PBXFileReference section */
		1EB424FAFBD01AF498CABD5A /* Pods-CashfreeTests.release.xcconfig */ = {isa = PBXFileReference; includeInIndex = 1; lastKnownFileType = text.xcconfig; name = "Pods-CashfreeTests.release.xcconfig"; path = "Target Support Files/Pods-CashfreeTests/Pods-CashfreeTests.release.xcconfig"; sourceTree = "<group>"; };
		4B980C2387EE4C7CE45A75BE /* Pods-CashfreeTests.debug.xcconfig */ = {isa = PBXFileReference; includeInIndex = 1; lastKnownFileType = text.xcconfig; name = "Pods-CashfreeTests.debug.xcconfig"; path = "Target Support Files/Pods-CashfreeTests/Pods-CashfreeTests.debug.xcconfig"; sourceTree = "<group>"; };
		54C26C3D4B30FAD7C65FED5D /* Pods_Cashfree.framework */ = {isa = PBXFileReference; explicitFileType = wrapper.framework; includeInIndex = 0; path = Pods_Cashfree.framework; sourceTree = BUILT_PRODUCTS_DIR; };
		5D588CC0641EEB48ED073D8A /* Pods_Cashfree_CashfreeUITests.framework */ = {isa = PBXFileReference; explicitFileType = wrapper.framework; includeInIndex = 0; path = Pods_Cashfree_CashfreeUITests.framework; sourceTree = BUILT_PRODUCTS_DIR; };
		7240457EC4EAFBB7675B3E1B /* Pods-Cashfree.debug.xcconfig */ = {isa = PBXFileReference; includeInIndex = 1; lastKnownFileType = text.xcconfig; name = "Pods-Cashfree.debug.xcconfig"; path = "Target Support Files/Pods-Cashfree/Pods-Cashfree.debug.xcconfig"; sourceTree = "<group>"; };
		81949F9C1E6CE1699AB414FF /* Pods-Cashfree-CashfreeUITests.debug.xcconfig */ = {isa = PBXFileReference; includeInIndex = 1; lastKnownFileType = text.xcconfig; name = "Pods-Cashfree-CashfreeUITests.debug.xcconfig"; path = "Target Support Files/Pods-Cashfree-CashfreeUITests/Pods-Cashfree-CashfreeUITests.debug.xcconfig"; sourceTree = "<group>"; };
		A36A1011A0D49F00CA1ED491 /* Pods-Cashfree-CashfreeUITests.release.xcconfig */ = {isa = PBXFileReference; includeInIndex = 1; lastKnownFileType = text.xcconfig; name = "Pods-Cashfree-CashfreeUITests.release.xcconfig"; path = "Target Support Files/Pods-Cashfree-CashfreeUITests/Pods-Cashfree-CashfreeUITests.release.xcconfig"; sourceTree = "<group>"; };
		D1934B42A32E0299E337B19C /* Pods-Cashfree.release.xcconfig */ = {isa = PBXFileReference; includeInIndex = 1; lastKnownFileType = text.xcconfig; name = "Pods-Cashfree.release.xcconfig"; path = "Target Support Files/Pods-Cashfree/Pods-Cashfree.release.xcconfig"; sourceTree = "<group>"; };
		E5593A5CAAA8D6A82EC4FE6E /* Pods_CashfreeTests.framework */ = {isa = PBXFileReference; explicitFileType = wrapper.framework; includeInIndex = 0; path = Pods_CashfreeTests.framework; sourceTree = BUILT_PRODUCTS_DIR; };
		FBA844A724A25A4E00E3FDF4 /* CFSDK.framework */ = {isa = PBXFileReference; lastKnownFileType = wrapper.framework; path = CFSDK.framework; sourceTree = "<group>"; };
		FBEF72E9248E8AF2001191B8 /* Cashfree.app */ = {isa = PBXFileReference; explicitFileType = wrapper.application; includeInIndex = 0; path = Cashfree.app; sourceTree = BUILT_PRODUCTS_DIR; };
		FBEF72EC248E8AF2001191B8 /* AppDelegate.swift */ = {isa = PBXFileReference; lastKnownFileType = sourcecode.swift; path = AppDelegate.swift; sourceTree = "<group>"; };
		FBEF72EE248E8AF2001191B8 /* SceneDelegate.swift */ = {isa = PBXFileReference; lastKnownFileType = sourcecode.swift; path = SceneDelegate.swift; sourceTree = "<group>"; };
		FBEF72F0248E8AF2001191B8 /* ViewController.swift */ = {isa = PBXFileReference; lastKnownFileType = sourcecode.swift; path = ViewController.swift; sourceTree = "<group>"; };
		FBEF72F3248E8AF2001191B8 /* Base */ = {isa = PBXFileReference; lastKnownFileType = file.storyboard; name = Base; path = Base.lproj/Main.storyboard; sourceTree = "<group>"; };
		FBEF72F6248E8AF2001191B8 /* Cashfree.xcdatamodel */ = {isa = PBXFileReference; lastKnownFileType = wrapper.xcdatamodel; path = Cashfree.xcdatamodel; sourceTree = "<group>"; };
		FBEF72F8248E8AF7001191B8 /* Assets.xcassets */ = {isa = PBXFileReference; lastKnownFileType = folder.assetcatalog; path = Assets.xcassets; sourceTree = "<group>"; };
		FBEF72FB248E8AF7001191B8 /* Base */ = {isa = PBXFileReference; lastKnownFileType = file.storyboard; name = Base; path = Base.lproj/LaunchScreen.storyboard; sourceTree = "<group>"; };
		FBEF72FD248E8AF7001191B8 /* Info.plist */ = {isa = PBXFileReference; lastKnownFileType = text.plist.xml; path = Info.plist; sourceTree = "<group>"; };
		FBEF7302248E8AF8001191B8 /* CashfreeTests.xctest */ = {isa = PBXFileReference; explicitFileType = wrapper.cfbundle; includeInIndex = 0; path = CashfreeTests.xctest; sourceTree = BUILT_PRODUCTS_DIR; };
		FBEF7306248E8AF8001191B8 /* CashfreeTests.swift */ = {isa = PBXFileReference; lastKnownFileType = sourcecode.swift; path = CashfreeTests.swift; sourceTree = "<group>"; };
		FBEF7308248E8AF8001191B8 /* Info.plist */ = {isa = PBXFileReference; lastKnownFileType = text.plist.xml; path = Info.plist; sourceTree = "<group>"; };
		FBEF730D248E8AF8001191B8 /* CashfreeUITests.xctest */ = {isa = PBXFileReference; explicitFileType = wrapper.cfbundle; includeInIndex = 0; path = CashfreeUITests.xctest; sourceTree = BUILT_PRODUCTS_DIR; };
		FBEF7311248E8AF8001191B8 /* CashfreeUITests.swift */ = {isa = PBXFileReference; lastKnownFileType = sourcecode.swift; path = CashfreeUITests.swift; sourceTree = "<group>"; };
		FBEF7313248E8AF8001191B8 /* Info.plist */ = {isa = PBXFileReference; lastKnownFileType = text.plist.xml; path = Info.plist; sourceTree = "<group>"; };
/* End PBXFileReference section */

/* Begin PBXFrameworksBuildPhase section */
		FBEF72E6248E8AF2001191B8 /* Frameworks */ = {
			isa = PBXFrameworksBuildPhase;
			buildActionMask = 2147483647;
			files = (
				FBA844A924A25A8400E3FDF4 /* CFSDK.framework in Frameworks */,
				ACCC8C669677FA72CFB9A23F /* Pods_Cashfree.framework in Frameworks */,
			);
			runOnlyForDeploymentPostprocessing = 0;
		};
		FBEF72FF248E8AF8001191B8 /* Frameworks */ = {
			isa = PBXFrameworksBuildPhase;
			buildActionMask = 2147483647;
			files = (
				E2E0CC3DAE78EFF4B6E3B0CA /* Pods_CashfreeTests.framework in Frameworks */,
			);
			runOnlyForDeploymentPostprocessing = 0;
		};
		FBEF730A248E8AF8001191B8 /* Frameworks */ = {
			isa = PBXFrameworksBuildPhase;
			buildActionMask = 2147483647;
			files = (
				2E86503C730B765AF4D2A73B /* Pods_Cashfree_CashfreeUITests.framework in Frameworks */,
			);
			runOnlyForDeploymentPostprocessing = 0;
		};
/* End PBXFrameworksBuildPhase section */

/* Begin PBXGroup section */
		AF160E69AF1B86E31DFB8C47 /* Pods */ = {
			isa = PBXGroup;
			children = (
				7240457EC4EAFBB7675B3E1B /* Pods-Cashfree.debug.xcconfig */,
				D1934B42A32E0299E337B19C /* Pods-Cashfree.release.xcconfig */,
				81949F9C1E6CE1699AB414FF /* Pods-Cashfree-CashfreeUITests.debug.xcconfig */,
				A36A1011A0D49F00CA1ED491 /* Pods-Cashfree-CashfreeUITests.release.xcconfig */,
				4B980C2387EE4C7CE45A75BE /* Pods-CashfreeTests.debug.xcconfig */,
				1EB424FAFBD01AF498CABD5A /* Pods-CashfreeTests.release.xcconfig */,
			);
			path = Pods;
			sourceTree = "<group>";
		};
		FBEF72E0248E8AF2001191B8 = {
			isa = PBXGroup;
			children = (
				FBA844A724A25A4E00E3FDF4 /* CFSDK.framework */,
				FBEF72EB248E8AF2001191B8 /* Cashfree */,
				FBEF7305248E8AF8001191B8 /* CashfreeTests */,
				FBEF7310248E8AF8001191B8 /* CashfreeUITests */,
				FBEF72EA248E8AF2001191B8 /* Products */,
				FBEF7321248E9B5E001191B8 /* Frameworks */,
				AF160E69AF1B86E31DFB8C47 /* Pods */,
			);
			sourceTree = "<group>";
		};
		FBEF72EA248E8AF2001191B8 /* Products */ = {
			isa = PBXGroup;
			children = (
				FBEF72E9248E8AF2001191B8 /* Cashfree.app */,
				FBEF7302248E8AF8001191B8 /* CashfreeTests.xctest */,
				FBEF730D248E8AF8001191B8 /* CashfreeUITests.xctest */,
			);
			name = Products;
			sourceTree = "<group>";
		};
		FBEF72EB248E8AF2001191B8 /* Cashfree */ = {
			isa = PBXGroup;
			children = (
				FBEF72EC248E8AF2001191B8 /* AppDelegate.swift */,
				FBEF72EE248E8AF2001191B8 /* SceneDelegate.swift */,
				FBEF72F0248E8AF2001191B8 /* ViewController.swift */,
				FBEF72F2248E8AF2001191B8 /* Main.storyboard */,
				FBEF72F8248E8AF7001191B8 /* Assets.xcassets */,
				FBEF72FA248E8AF7001191B8 /* LaunchScreen.storyboard */,
				FBEF72FD248E8AF7001191B8 /* Info.plist */,
				FBEF72F5248E8AF2001191B8 /* Cashfree.xcdatamodeld */,
			);
			path = Cashfree;
			sourceTree = "<group>";
		};
		FBEF7305248E8AF8001191B8 /* CashfreeTests */ = {
			isa = PBXGroup;
			children = (
				FBEF7306248E8AF8001191B8 /* CashfreeTests.swift */,
				FBEF7308248E8AF8001191B8 /* Info.plist */,
			);
			path = CashfreeTests;
			sourceTree = "<group>";
		};
		FBEF7310248E8AF8001191B8 /* CashfreeUITests */ = {
			isa = PBXGroup;
			children = (
				FBEF7311248E8AF8001191B8 /* CashfreeUITests.swift */,
				FBEF7313248E8AF8001191B8 /* Info.plist */,
			);
			path = CashfreeUITests;
			sourceTree = "<group>";
		};
		FBEF7321248E9B5E001191B8 /* Frameworks */ = {
			isa = PBXGroup;
			children = (
				54C26C3D4B30FAD7C65FED5D /* Pods_Cashfree.framework */,
				5D588CC0641EEB48ED073D8A /* Pods_Cashfree_CashfreeUITests.framework */,
				E5593A5CAAA8D6A82EC4FE6E /* Pods_CashfreeTests.framework */,
			);
			name = Frameworks;
			sourceTree = "<group>";
		};
/* End PBXGroup section */

/* Begin PBXNativeTarget section */
		FBEF72E8248E8AF2001191B8 /* Cashfree */ = {
			isa = PBXNativeTarget;
			buildConfigurationList = FBEF7316248E8AF8001191B8 /* Build configuration list for PBXNativeTarget "Cashfree" */;
			buildPhases = (
				F42C45A505EE552372DFC12B /* [CP] Check Pods Manifest.lock */,
				FBEF72E5248E8AF2001191B8 /* Sources */,
				FBEF72E6248E8AF2001191B8 /* Frameworks */,
				FBEF72E7248E8AF2001191B8 /* Resources */,
				FBEF7324248E9B5E001191B8 /* Embed Frameworks */,
				1880CCD0011C9D2751B6AF70 /* [CP] Embed Pods Frameworks */,
			);
			buildRules = (
			);
			dependencies = (
			);
			name = Cashfree;
			productName = Cashfree;
			productReference = FBEF72E9248E8AF2001191B8 /* Cashfree.app */;
			productType = "com.apple.product-type.application";
		};
		FBEF7301248E8AF8001191B8 /* CashfreeTests */ = {
			isa = PBXNativeTarget;
			buildConfigurationList = FBEF7319248E8AF8001191B8 /* Build configuration list for PBXNativeTarget "CashfreeTests" */;
			buildPhases = (
				4212501E4AF72603C5D6874B /* [CP] Check Pods Manifest.lock */,
				FBEF72FE248E8AF8001191B8 /* Sources */,
				FBEF72FF248E8AF8001191B8 /* Frameworks */,
				FBEF7300248E8AF8001191B8 /* Resources */,
			);
			buildRules = (
			);
			dependencies = (
				FBEF7304248E8AF8001191B8 /* PBXTargetDependency */,
			);
			name = CashfreeTests;
			productName = CashfreeTests;
			productReference = FBEF7302248E8AF8001191B8 /* CashfreeTests.xctest */;
			productType = "com.apple.product-type.bundle.unit-test";
		};
		FBEF730C248E8AF8001191B8 /* CashfreeUITests */ = {
			isa = PBXNativeTarget;
			buildConfigurationList = FBEF731C248E8AF8001191B8 /* Build configuration list for PBXNativeTarget "CashfreeUITests" */;
			buildPhases = (
				ACCE42513B4A47E1DA966898 /* [CP] Check Pods Manifest.lock */,
				FBEF7309248E8AF8001191B8 /* Sources */,
				FBEF730A248E8AF8001191B8 /* Frameworks */,
				FBEF730B248E8AF8001191B8 /* Resources */,
				AECC55D173B737C589EF0F39 /* [CP] Embed Pods Frameworks */,
			);
			buildRules = (
			);
			dependencies = (
				FBEF730F248E8AF8001191B8 /* PBXTargetDependency */,
			);
			name = CashfreeUITests;
			productName = CashfreeUITests;
			productReference = FBEF730D248E8AF8001191B8 /* CashfreeUITests.xctest */;
			productType = "com.apple.product-type.bundle.ui-testing";
		};
/* End PBXNativeTarget section */

/* Begin PBXProject section */
		FBEF72E1248E8AF2001191B8 /* Project object */ = {
			isa = PBXProject;
			attributes = {
				LastSwiftUpdateCheck = 1130;
				LastUpgradeCheck = 1130;
				ORGANIZATIONNAME = Sebastin;
				TargetAttributes = {
					FBEF72E8248E8AF2001191B8 = {
						CreatedOnToolsVersion = 11.3.1;
					};
					FBEF7301248E8AF8001191B8 = {
						CreatedOnToolsVersion = 11.3.1;
						TestTargetID = FBEF72E8248E8AF2001191B8;
					};
					FBEF730C248E8AF8001191B8 = {
						CreatedOnToolsVersion = 11.3.1;
						TestTargetID = FBEF72E8248E8AF2001191B8;
					};
				};
			};
			buildConfigurationList = FBEF72E4248E8AF2001191B8 /* Build configuration list for PBXProject "Cashfree" */;
			compatibilityVersion = "Xcode 9.3";
			developmentRegion = en;
			hasScannedForEncodings = 0;
			knownRegions = (
				en,
				Base,
			);
			mainGroup = FBEF72E0248E8AF2001191B8;
			productRefGroup = FBEF72EA248E8AF2001191B8 /* Products */;
			projectDirPath = "";
			projectRoot = "";
			targets = (
				FBEF72E8248E8AF2001191B8 /* Cashfree */,
				FBEF7301248E8AF8001191B8 /* CashfreeTests */,
				FBEF730C248E8AF8001191B8 /* CashfreeUITests */,
			);
		};
/* End PBXProject section */

/* Begin PBXResourcesBuildPhase section */
		FBEF72E7248E8AF2001191B8 /* Resources */ = {
			isa = PBXResourcesBuildPhase;
			buildActionMask = 2147483647;
			files = (
				FBEF72FC248E8AF7001191B8 /* LaunchScreen.storyboard in Resources */,
				FBEF72F9248E8AF7001191B8 /* Assets.xcassets in Resources */,
				FBEF72F4248E8AF2001191B8 /* Main.storyboard in Resources */,
			);
			runOnlyForDeploymentPostprocessing = 0;
		};
		FBEF7300248E8AF8001191B8 /* Resources */ = {
			isa = PBXResourcesBuildPhase;
			buildActionMask = 2147483647;
			files = (
			);
			runOnlyForDeploymentPostprocessing = 0;
		};
		FBEF730B248E8AF8001191B8 /* Resources */ = {
			isa = PBXResourcesBuildPhase;
			buildActionMask = 2147483647;
			files = (
			);
			runOnlyForDeploymentPostprocessing = 0;
		};
/* End PBXResourcesBuildPhase section */

/* Begin PBXShellScriptBuildPhase section */
		1880CCD0011C9D2751B6AF70 /* [CP] Embed Pods Frameworks */ = {
			isa = PBXShellScriptBuildPhase;
			buildActionMask = 2147483647;
			files = (
			);
			inputFileListPaths = (
				"${PODS_ROOT}/Target Support Files/Pods-Cashfree/Pods-Cashfree-frameworks-${CONFIGURATION}-input-files.xcfilelist",
			);
			name = "[CP] Embed Pods Frameworks";
			outputFileListPaths = (
				"${PODS_ROOT}/Target Support Files/Pods-Cashfree/Pods-Cashfree-frameworks-${CONFIGURATION}-output-files.xcfilelist",
			);
			runOnlyForDeploymentPostprocessing = 0;
			shellPath = /bin/sh;
			shellScript = "\"${PODS_ROOT}/Target Support Files/Pods-Cashfree/Pods-Cashfree-frameworks.sh\"\n";
			showEnvVarsInLog = 0;
		};
		4212501E4AF72603C5D6874B /* [CP] Check Pods Manifest.lock */ = {
			isa = PBXShellScriptBuildPhase;
			buildActionMask = 2147483647;
			files = (
			);
			inputFileListPaths = (
			);
			inputPaths = (
				"${PODS_PODFILE_DIR_PATH}/Podfile.lock",
				"${PODS_ROOT}/Manifest.lock",
			);
			name = "[CP] Check Pods Manifest.lock";
			outputFileListPaths = (
			);
			outputPaths = (
				"$(DERIVED_FILE_DIR)/Pods-CashfreeTests-checkManifestLockResult.txt",
			);
			runOnlyForDeploymentPostprocessing = 0;
			shellPath = /bin/sh;
			shellScript = "diff \"${PODS_PODFILE_DIR_PATH}/Podfile.lock\" \"${PODS_ROOT}/Manifest.lock\" > /dev/null\nif [ $? != 0 ] ; then\n    # print error to STDERR\n    echo \"error: The sandbox is not in sync with the Podfile.lock. Run 'pod install' or update your CocoaPods installation.\" >&2\n    exit 1\nfi\n# This output is used by Xcode 'outputs' to avoid re-running this script phase.\necho \"SUCCESS\" > \"${SCRIPT_OUTPUT_FILE_0}\"\n";
			showEnvVarsInLog = 0;
		};
		ACCE42513B4A47E1DA966898 /* [CP] Check Pods Manifest.lock */ = {
			isa = PBXShellScriptBuildPhase;
			buildActionMask = 2147483647;
			files = (
			);
			inputFileListPaths = (
			);
			inputPaths = (
				"${PODS_PODFILE_DIR_PATH}/Podfile.lock",
				"${PODS_ROOT}/Manifest.lock",
			);
			name = "[CP] Check Pods Manifest.lock";
			outputFileListPaths = (
			);
			outputPaths = (
				"$(DERIVED_FILE_DIR)/Pods-Cashfree-CashfreeUITests-checkManifestLockResult.txt",
			);
			runOnlyForDeploymentPostprocessing = 0;
			shellPath = /bin/sh;
			shellScript = "diff \"${PODS_PODFILE_DIR_PATH}/Podfile.lock\" \"${PODS_ROOT}/Manifest.lock\" > /dev/null\nif [ $? != 0 ] ; then\n    # print error to STDERR\n    echo \"error: The sandbox is not in sync with the Podfile.lock. Run 'pod install' or update your CocoaPods installation.\" >&2\n    exit 1\nfi\n# This output is used by Xcode 'outputs' to avoid re-running this script phase.\necho \"SUCCESS\" > \"${SCRIPT_OUTPUT_FILE_0}\"\n";
			showEnvVarsInLog = 0;
		};
		AECC55D173B737C589EF0F39 /* [CP] Embed Pods Frameworks */ = {
			isa = PBXShellScriptBuildPhase;
			buildActionMask = 2147483647;
			files = (
			);
			inputFileListPaths = (
				"${PODS_ROOT}/Target Support Files/Pods-Cashfree-CashfreeUITests/Pods-Cashfree-CashfreeUITests-frameworks-${CONFIGURATION}-input-files.xcfilelist",
			);
			name = "[CP] Embed Pods Frameworks";
			outputFileListPaths = (
				"${PODS_ROOT}/Target Support Files/Pods-Cashfree-CashfreeUITests/Pods-Cashfree-CashfreeUITests-frameworks-${CONFIGURATION}-output-files.xcfilelist",
			);
			runOnlyForDeploymentPostprocessing = 0;
			shellPath = /bin/sh;
			shellScript = "\"${PODS_ROOT}/Target Support Files/Pods-Cashfree-CashfreeUITests/Pods-Cashfree-CashfreeUITests-frameworks.sh\"\n";
			showEnvVarsInLog = 0;
		};
		F42C45A505EE552372DFC12B /* [CP] Check Pods Manifest.lock */ = {
			isa = PBXShellScriptBuildPhase;
			buildActionMask = 2147483647;
			files = (
			);
			inputFileListPaths = (
			);
			inputPaths = (
				"${PODS_PODFILE_DIR_PATH}/Podfile.lock",
				"${PODS_ROOT}/Manifest.lock",
			);
			name = "[CP] Check Pods Manifest.lock";
			outputFileListPaths = (
			);
			outputPaths = (
				"$(DERIVED_FILE_DIR)/Pods-Cashfree-checkManifestLockResult.txt",
			);
			runOnlyForDeploymentPostprocessing = 0;
			shellPath = /bin/sh;
			shellScript = "diff \"${PODS_PODFILE_DIR_PATH}/Podfile.lock\" \"${PODS_ROOT}/Manifest.lock\" > /dev/null\nif [ $? != 0 ] ; then\n    # print error to STDERR\n    echo \"error: The sandbox is not in sync with the Podfile.lock. Run 'pod install' or update your CocoaPods installation.\" >&2\n    exit 1\nfi\n# This output is used by Xcode 'outputs' to avoid re-running this script phase.\necho \"SUCCESS\" > \"${SCRIPT_OUTPUT_FILE_0}\"\n";
			showEnvVarsInLog = 0;
		};
/* End PBXShellScriptBuildPhase section */

/* Begin PBXSourcesBuildPhase section */
		FBEF72E5248E8AF2001191B8 /* Sources */ = {
			isa = PBXSourcesBuildPhase;
			buildActionMask = 2147483647;
			files = (
				FBEF72F1248E8AF2001191B8 /* ViewController.swift in Sources */,
				FBEF72ED248E8AF2001191B8 /* AppDelegate.swift in Sources */,
				FBEF72F7248E8AF2001191B8 /* Cashfree.xcdatamodeld in Sources */,
				FBEF72EF248E8AF2001191B8 /* SceneDelegate.swift in Sources */,
			);
			runOnlyForDeploymentPostprocessing = 0;
		};
		FBEF72FE248E8AF8001191B8 /* Sources */ = {
			isa = PBXSourcesBuildPhase;
			buildActionMask = 2147483647;
			files = (
				FBEF7307248E8AF8001191B8 /* CashfreeTests.swift in Sources */,
			);
			runOnlyForDeploymentPostprocessing = 0;
		};
		FBEF7309248E8AF8001191B8 /* Sources */ = {
			isa = PBXSourcesBuildPhase;
			buildActionMask = 2147483647;
			files = (
				FBEF7312248E8AF8001191B8 /* CashfreeUITests.swift in Sources */,
			);
			runOnlyForDeploymentPostprocessing = 0;
		};
/* End PBXSourcesBuildPhase section */

/* Begin PBXTargetDependency section */
		FBEF7304248E8AF8001191B8 /* PBXTargetDependency */ = {
			isa = PBXTargetDependency;
			target = FBEF72E8248E8AF2001191B8 /* Cashfree */;
			targetProxy = FBEF7303248E8AF8001191B8 /* PBXContainerItemProxy */;
		};
		FBEF730F248E8AF8001191B8 /* PBXTargetDependency */ = {
			isa = PBXTargetDependency;
			target = FBEF72E8248E8AF2001191B8 /* Cashfree */;
			targetProxy = FBEF730E248E8AF8001191B8 /* PBXContainerItemProxy */;
		};
/* End PBXTargetDependency section */

/* Begin PBXVariantGroup section */
		FBEF72F2248E8AF2001191B8 /* Main.storyboard */ = {
			isa = PBXVariantGroup;
			children = (
				FBEF72F3248E8AF2001191B8 /* Base */,
			);
			name = Main.storyboard;
			sourceTree = "<group>";
		};
		FBEF72FA248E8AF7001191B8 /* LaunchScreen.storyboard */ = {
			isa = PBXVariantGroup;
			children = (
				FBEF72FB248E8AF7001191B8 /* Base */,
			);
			name = LaunchScreen.storyboard;
			sourceTree = "<group>";
		};
/* End PBXVariantGroup section */

/* Begin XCBuildConfiguration section */
		FBEF7314248E8AF8001191B8 /* Debug */ = {
			isa = XCBuildConfiguration;
			buildSettings = {
				ALWAYS_SEARCH_USER_PATHS = NO;
				CLANG_ANALYZER_NONNULL = YES;
				CLANG_ANALYZER_NUMBER_OBJECT_CONVERSION = YES_AGGRESSIVE;
				CLANG_CXX_LANGUAGE_STANDARD = "gnu++14";
				CLANG_CXX_LIBRARY = "libc++";
				CLANG_ENABLE_MODULES = YES;
				CLANG_ENABLE_OBJC_ARC = YES;
				CLANG_ENABLE_OBJC_WEAK = YES;
				CLANG_WARN_BLOCK_CAPTURE_AUTORELEASING = YES;
				CLANG_WARN_BOOL_CONVERSION = YES;
				CLANG_WARN_COMMA = YES;
				CLANG_WARN_CONSTANT_CONVERSION = YES;
				CLANG_WARN_DEPRECATED_OBJC_IMPLEMENTATIONS = YES;
				CLANG_WARN_DIRECT_OBJC_ISA_USAGE = YES_ERROR;
				CLANG_WARN_DOCUMENTATION_COMMENTS = YES;
				CLANG_WARN_EMPTY_BODY = YES;
				CLANG_WARN_ENUM_CONVERSION = YES;
				CLANG_WARN_INFINITE_RECURSION = YES;
				CLANG_WARN_INT_CONVERSION = YES;
				CLANG_WARN_NON_LITERAL_NULL_CONVERSION = YES;
				CLANG_WARN_OBJC_IMPLICIT_RETAIN_SELF = YES;
				CLANG_WARN_OBJC_LITERAL_CONVERSION = YES;
				CLANG_WARN_OBJC_ROOT_CLASS = YES_ERROR;
				CLANG_WARN_RANGE_LOOP_ANALYSIS = YES;
				CLANG_WARN_STRICT_PROTOTYPES = YES;
				CLANG_WARN_SUSPICIOUS_MOVE = YES;
				CLANG_WARN_UNGUARDED_AVAILABILITY = YES_AGGRESSIVE;
				CLANG_WARN_UNREACHABLE_CODE = YES;
				CLANG_WARN__DUPLICATE_METHOD_MATCH = YES;
				COPY_PHASE_STRIP = NO;
				DEBUG_INFORMATION_FORMAT = dwarf;
				ENABLE_STRICT_OBJC_MSGSEND = YES;
				ENABLE_TESTABILITY = YES;
				GCC_C_LANGUAGE_STANDARD = gnu11;
				GCC_DYNAMIC_NO_PIC = NO;
				GCC_NO_COMMON_BLOCKS = YES;
				GCC_OPTIMIZATION_LEVEL = 0;
				GCC_PREPROCESSOR_DEFINITIONS = (
					"DEBUG=1",
					"$(inherited)",
				);
				GCC_WARN_64_TO_32_BIT_CONVERSION = YES;
				GCC_WARN_ABOUT_RETURN_TYPE = YES_ERROR;
				GCC_WARN_UNDECLARED_SELECTOR = YES;
				GCC_WARN_UNINITIALIZED_AUTOS = YES_AGGRESSIVE;
				GCC_WARN_UNUSED_FUNCTION = YES;
				GCC_WARN_UNUSED_VARIABLE = YES;
				IPHONEOS_DEPLOYMENT_TARGET = 13.2;
				MTL_ENABLE_DEBUG_INFO = INCLUDE_SOURCE;
				MTL_FAST_MATH = YES;
				ONLY_ACTIVE_ARCH = YES;
				SDKROOT = iphoneos;
				SWIFT_ACTIVE_COMPILATION_CONDITIONS = DEBUG;
				SWIFT_OPTIMIZATION_LEVEL = "-Onone";
			};
			name = Debug;
		};
		FBEF7315248E8AF8001191B8 /* Release */ = {
			isa = XCBuildConfiguration;
			buildSettings = {
				ALWAYS_SEARCH_USER_PATHS = NO;
				CLANG_ANALYZER_NONNULL = YES;
				CLANG_ANALYZER_NUMBER_OBJECT_CONVERSION = YES_AGGRESSIVE;
				CLANG_CXX_LANGUAGE_STANDARD = "gnu++14";
				CLANG_CXX_LIBRARY = "libc++";
				CLANG_ENABLE_MODULES = YES;
				CLANG_ENABLE_OBJC_ARC = YES;
				CLANG_ENABLE_OBJC_WEAK = YES;
				CLANG_WARN_BLOCK_CAPTURE_AUTORELEASING = YES;
				CLANG_WARN_BOOL_CONVERSION = YES;
				CLANG_WARN_COMMA = YES;
				CLANG_WARN_CONSTANT_CONVERSION = YES;
				CLANG_WARN_DEPRECATED_OBJC_IMPLEMENTATIONS = YES;
				CLANG_WARN_DIRECT_OBJC_ISA_USAGE = YES_ERROR;
				CLANG_WARN_DOCUMENTATION_COMMENTS = YES;
				CLANG_WARN_EMPTY_BODY = YES;
				CLANG_WARN_ENUM_CONVERSION = YES;
				CLANG_WARN_INFINITE_RECURSION = YES;
				CLANG_WARN_INT_CONVERSION = YES;
				CLANG_WARN_NON_LITERAL_NULL_CONVERSION = YES;
				CLANG_WARN_OBJC_IMPLICIT_RETAIN_SELF = YES;
				CLANG_WARN_OBJC_LITERAL_CONVERSION = YES;
				CLANG_WARN_OBJC_ROOT_CLASS = YES_ERROR;
				CLANG_WARN_RANGE_LOOP_ANALYSIS = YES;
				CLANG_WARN_STRICT_PROTOTYPES = YES;
				CLANG_WARN_SUSPICIOUS_MOVE = YES;
				CLANG_WARN_UNGUARDED_AVAILABILITY = YES_AGGRESSIVE;
				CLANG_WARN_UNREACHABLE_CODE = YES;
				CLANG_WARN__DUPLICATE_METHOD_MATCH = YES;
				COPY_PHASE_STRIP = NO;
				DEBUG_INFORMATION_FORMAT = "dwarf-with-dsym";
				ENABLE_NS_ASSERTIONS = NO;
				ENABLE_STRICT_OBJC_MSGSEND = YES;
				GCC_C_LANGUAGE_STANDARD = gnu11;
				GCC_NO_COMMON_BLOCKS = YES;
				GCC_WARN_64_TO_32_BIT_CONVERSION = YES;
				GCC_WARN_ABOUT_RETURN_TYPE = YES_ERROR;
				GCC_WARN_UNDECLARED_SELECTOR = YES;
				GCC_WARN_UNINITIALIZED_AUTOS = YES_AGGRESSIVE;
				GCC_WARN_UNUSED_FUNCTION = YES;
				GCC_WARN_UNUSED_VARIABLE = YES;
				IPHONEOS_DEPLOYMENT_TARGET = 13.2;
				MTL_ENABLE_DEBUG_INFO = NO;
				MTL_FAST_MATH = YES;
				SDKROOT = iphoneos;
				SWIFT_COMPILATION_MODE = wholemodule;
				SWIFT_OPTIMIZATION_LEVEL = "-O";
				VALIDATE_PRODUCT = YES;
			};
			name = Release;
		};
		FBEF7317248E8AF8001191B8 /* Debug */ = {
			isa = XCBuildConfiguration;
			baseConfigurationReference = 7240457EC4EAFBB7675B3E1B /* Pods-Cashfree.debug.xcconfig */;
			buildSettings = {
				ASSETCATALOG_COMPILER_APPICON_NAME = AppIcon;
				CODE_SIGN_STYLE = Automatic;
				DEVELOPMENT_TEAM = 6W79SFUULH;
				FRAMEWORK_SEARCH_PATHS = (
					"$(inherited)",
					"$(PROJECT_DIR)",
				);
				INFOPLIST_FILE = Cashfree/Info.plist;
				LD_RUNPATH_SEARCH_PATHS = (
					"$(inherited)",
					"@executable_path/Frameworks",
				);
				PRODUCT_BUNDLE_IDENTIFIER = Sebastin.Cashfree;
				PRODUCT_NAME = "$(TARGET_NAME)";
				SWIFT_VERSION = 5.0;
				TARGETED_DEVICE_FAMILY = "1,2";
			};
			name = Debug;
		};
		FBEF7318248E8AF8001191B8 /* Release */ = {
			isa = XCBuildConfiguration;
			baseConfigurationReference = D1934B42A32E0299E337B19C /* Pods-Cashfree.release.xcconfig */;
			buildSettings = {
				ASSETCATALOG_COMPILER_APPICON_NAME = AppIcon;
				CODE_SIGN_STYLE = Automatic;
				DEVELOPMENT_TEAM = 6W79SFUULH;
				FRAMEWORK_SEARCH_PATHS = (
					"$(inherited)",
					"$(PROJECT_DIR)",
				);
				INFOPLIST_FILE = Cashfree/Info.plist;
				LD_RUNPATH_SEARCH_PATHS = (
					"$(inherited)",
					"@executable_path/Frameworks",
				);
				PRODUCT_BUNDLE_IDENTIFIER = Sebastin.Cashfree;
				PRODUCT_NAME = "$(TARGET_NAME)";
				SWIFT_VERSION = 5.0;
				TARGETED_DEVICE_FAMILY = "1,2";
			};
			name = Release;
		};
		FBEF731A248E8AF8001191B8 /* Debug */ = {
			isa = XCBuildConfiguration;
			baseConfigurationReference = 4B980C2387EE4C7CE45A75BE /* Pods-CashfreeTests.debug.xcconfig */;
			buildSettings = {
				ALWAYS_EMBED_SWIFT_STANDARD_LIBRARIES = YES;
				BUNDLE_LOADER = "$(TEST_HOST)";
				CODE_SIGN_STYLE = Automatic;
				DEVELOPMENT_TEAM = 6W79SFUULH;
				INFOPLIST_FILE = CashfreeTests/Info.plist;
				IPHONEOS_DEPLOYMENT_TARGET = 13.2;
				LD_RUNPATH_SEARCH_PATHS = (
					"$(inherited)",
					"@executable_path/Frameworks",
					"@loader_path/Frameworks",
				);
				PRODUCT_BUNDLE_IDENTIFIER = Sebastin.CashfreeTests;
				PRODUCT_NAME = "$(TARGET_NAME)";
				SWIFT_VERSION = 5.0;
				TARGETED_DEVICE_FAMILY = "1,2";
				TEST_HOST = "$(BUILT_PRODUCTS_DIR)/Cashfree.app/Cashfree";
			};
			name = Debug;
		};
		FBEF731B248E8AF8001191B8 /* Release */ = {
			isa = XCBuildConfiguration;
			baseConfigurationReference = 1EB424FAFBD01AF498CABD5A /* Pods-CashfreeTests.release.xcconfig */;
			buildSettings = {
				ALWAYS_EMBED_SWIFT_STANDARD_LIBRARIES = YES;
				BUNDLE_LOADER = "$(TEST_HOST)";
				CODE_SIGN_STYLE = Automatic;
				DEVELOPMENT_TEAM = 6W79SFUULH;
				INFOPLIST_FILE = CashfreeTests/Info.plist;
				IPHONEOS_DEPLOYMENT_TARGET = 13.2;
				LD_RUNPATH_SEARCH_PATHS = (
					"$(inherited)",
					"@executable_path/Frameworks",
					"@loader_path/Frameworks",
				);
				PRODUCT_BUNDLE_IDENTIFIER = Sebastin.CashfreeTests;
				PRODUCT_NAME = "$(TARGET_NAME)";
				SWIFT_VERSION = 5.0;
				TARGETED_DEVICE_FAMILY = "1,2";
				TEST_HOST = "$(BUILT_PRODUCTS_DIR)/Cashfree.app/Cashfree";
			};
			name = Release;
		};
		FBEF731D248E8AF8001191B8 /* Debug */ = {
			isa = XCBuildConfiguration;
			baseConfigurationReference = 81949F9C1E6CE1699AB414FF /* Pods-Cashfree-CashfreeUITests.debug.xcconfig */;
			buildSettings = {
				ALWAYS_EMBED_SWIFT_STANDARD_LIBRARIES = YES;
				CODE_SIGN_STYLE = Automatic;
				DEVELOPMENT_TEAM = 6W79SFUULH;
				INFOPLIST_FILE = CashfreeUITests/Info.plist;
				LD_RUNPATH_SEARCH_PATHS = (
					"$(inherited)",
					"@executable_path/Frameworks",
					"@loader_path/Frameworks",
				);
				PRODUCT_BUNDLE_IDENTIFIER = Sebastin.CashfreeUITests;
				PRODUCT_NAME = "$(TARGET_NAME)";
				SWIFT_VERSION = 5.0;
				TARGETED_DEVICE_FAMILY = "1,2";
				TEST_TARGET_NAME = Cashfree;
			};
			name = Debug;
		};
		FBEF731E248E8AF8001191B8 /* Release */ = {
			isa = XCBuildConfiguration;
			baseConfigurationReference = A36A1011A0D49F00CA1ED491 /* Pods-Cashfree-CashfreeUITests.release.xcconfig */;
			buildSettings = {
				ALWAYS_EMBED_SWIFT_STANDARD_LIBRARIES = YES;
				CODE_SIGN_STYLE = Automatic;
				DEVELOPMENT_TEAM = 6W79SFUULH;
				INFOPLIST_FILE = CashfreeUITests/Info.plist;
				LD_RUNPATH_SEARCH_PATHS = (
					"$(inherited)",
					"@executable_path/Frameworks",
					"@loader_path/Frameworks",
				);
				PRODUCT_BUNDLE_IDENTIFIER = Sebastin.CashfreeUITests;
				PRODUCT_NAME = "$(TARGET_NAME)";
				SWIFT_VERSION = 5.0;
				TARGETED_DEVICE_FAMILY = "1,2";
				TEST_TARGET_NAME = Cashfree;
			};
			name = Release;
		};
/* End XCBuildConfiguration section */

/* Begin XCConfigurationList section */
		FBEF72E4248E8AF2001191B8 /* Build configuration list for PBXProject "Cashfree" */ = {
			isa = XCConfigurationList;
			buildConfigurations = (
				FBEF7314248E8AF8001191B8 /* Debug */,
				FBEF7315248E8AF8001191B8 /* Release */,
			);
			defaultConfigurationIsVisible = 0;
			defaultConfigurationName = Release;
		};
		FBEF7316248E8AF8001191B8 /* Build configuration list for PBXNativeTarget "Cashfree" */ = {
			isa = XCConfigurationList;
			buildConfigurations = (
				FBEF7317248E8AF8001191B8 /* Debug */,
				FBEF7318248E8AF8001191B8 /* Release */,
			);
			defaultConfigurationIsVisible = 0;
			defaultConfigurationName = Release;
		};
		FBEF7319248E8AF8001191B8 /* Build configuration list for PBXNativeTarget "CashfreeTests" */ = {
			isa = XCConfigurationList;
			buildConfigurations = (
				FBEF731A248E8AF8001191B8 /* Debug */,
				FBEF731B248E8AF8001191B8 /* Release */,
			);
			defaultConfigurationIsVisible = 0;
			defaultConfigurationName = Release;
		};
		FBEF731C248E8AF8001191B8 /* Build configuration list for PBXNativeTarget "CashfreeUITests" */ = {
			isa = XCConfigurationList;
			buildConfigurations = (
				FBEF731D248E8AF8001191B8 /* Debug */,
				FBEF731E248E8AF8001191B8 /* Release */,
			);
			defaultConfigurationIsVisible = 0;
			defaultConfigurationName = Release;
		};
/* End XCConfigurationList section */

/* Begin XCVersionGroup section */
		FBEF72F5248E8AF2001191B8 /* Cashfree.xcdatamodeld */ = {
			isa = XCVersionGroup;
			children = (
				FBEF72F6248E8AF2001191B8 /* Cashfree.xcdatamodel */,
			);
			currentVersion = FBEF72F6248E8AF2001191B8 /* Cashfree.xcdatamodel */;
			path = Cashfree.xcdatamodeld;
			sourceTree = "<group>";
			versionGroupType = wrapper.xcdatamodel;
		};
/* End XCVersionGroup section */
	};
	rootObject = FBEF72E1248E8AF2001191B8 /* Project object */;
}
